Microsoft Visual Studio Solution File, Format Version 12.00
# Visual Studio Version 17
VisualStudioVersion = 17.5.2.0
MinimumVisualStudioVersion = 10.0.40219.1
Project("{FAE04EC0-301F-11D3-BF4B-00C04F79EFBC}") = "Cwiczenia1", "Cwiczenia1\Cwiczenia1.csproj", "{575DE5F6-778E-4866-0855-308BBB90E6AA}"
EndProject
Global
	GlobalSection(SolutionConfigurationPlatforms) = preSolution
		Debug|Any CPU = Debug|Any CPU
		Release|Any CPU = Release|Any CPU
	EndGlobalSection
	GlobalSection(ProjectConfigurationPlatforms) = postSolution
		{575DE5F6-778E-4866-0855-308BBB90E6AA}.Debug|Any CPU.ActiveCfg = Debug|Any CPU
		{575DE5F6-778E-4866-0855-308BBB90E6AA}.Debug|Any CPU.Build.0 = Debug|Any CPU
		{575DE5F6-778E-4866-0855-308BBB90E6AA}.Release|Any CPU.ActiveCfg = Release|Any CPU
		{575DE5F6-778E-4866-0855-308BBB90E6AA}.Release|Any CPU.Build.0 = Release|Any CPU
	EndGlobalSection
	GlobalSection(SolutionProperties) = preSolution
		HideSolutionNode = FALSE
	EndGlobalSection
	GlobalSection(ExtensibilityGlobals) = postSolution
		SolutionGuid = {BCF3BD47-6FD6-4F8C-AD0C-ADBD1337DE5C}
	EndGlobalSection
EndGlobal
